
Microsoft Visual Studio Solution File, Format Version 12.00
# Visual Studio Version 17
VisualStudioVersion = 17.0.31903.59
MinimumVisualStudioVersion = 10.0.40219.1
Project("{2150E333-8FDC-42A3-9474-1A3956D46DE8}") = "libs", "libs", "{6C4D298B-81FB-2B6B-5AB6-46205EDDC72C}"
EndProject
Project("{2150E333-8FDC-42A3-9474-1A3956D46DE8}") = "sdk-dotnet", "sdk-dotnet", "{2C823ABE-4BDD-E34C-AB66-B0858D087BD0}"
EndProject
Project("{FAE04EC0-301F-11D3-BF4B-00C04F79EFBC}") = "AuthzSdk", "libs\sdk-dotnet\AuthzSdk\AuthzSdk.csproj", "{7A363B3B-6615-4981-AE42-0FEC6FA93288}"
EndProject
Project("{FAE04EC0-301F-11D3-BF4B-00C04F79EFBC}") = "AuthzSdk.Tests", "libs\sdk-dotnet\AuthzSdk.Tests\AuthzSdk.Tests.csproj", "{D874EB39-A635-493E-855D-30E7EADB336A}"
EndProject
Global
	GlobalSection(SolutionConfigurationPlatforms) = preSolution
		Debug|Any CPU = Debug|Any CPU
		Debug|x64 = Debug|x64
		Debug|x86 = Debug|x86
		Release|Any CPU = Release|Any CPU
		Release|x64 = Release|x64
		Release|x86 = Release|x86
	EndGlobalSection
	GlobalSection(ProjectConfigurationPlatforms) = postSolution
		{7A363B3B-6615-4981-AE42-0FEC6FA93288}.Debug|Any CPU.ActiveCfg = Debug|Any CPU
		{7A363B3B-6615-4981-AE42-0FEC6FA93288}.Debug|Any CPU.Build.0 = Debug|Any CPU
		{7A363B3B-6615-4981-AE42-0FEC6FA93288}.Debug|x64.ActiveCfg = Debug|Any CPU
		{7A363B3B-6615-4981-AE42-0FEC6FA93288}.Debug|x64.Build.0 = Debug|Any CPU
		{7A363B3B-6615-4981-AE42-0FEC6FA93288}.Debug|x86.ActiveCfg = Debug|Any CPU
		{7A363B3B-6615-4981-AE42-0FEC6FA93288}.Debug|x86.Build.0 = Debug|Any CPU
		{7A363B3B-6615-4981-AE42-0FEC6FA93288}.Release|Any CPU.ActiveCfg = Release|Any CPU
		{7A363B3B-6615-4981-AE42-0FEC6FA93288}.Release|Any CPU.Build.0 = Release|Any CPU
		{7A363B3B-6615-4981-AE42-0FEC6FA93288}.Release|x64.ActiveCfg = Release|Any CPU
		{7A363B3B-6615-4981-AE42-0FEC6FA93288}.Release|x64.Build.0 = Release|Any CPU
		{7A363B3B-6615-4981-AE42-0FEC6FA93288}.Release|x86.ActiveCfg = Release|Any CPU
		{7A363B3B-6615-4981-AE42-0FEC6FA93288}.Release|x86.Build.0 = Release|Any CPU
		{D874EB39-A635-493E-855D-30E7EADB336A}.Debug|Any CPU.ActiveCfg = Debug|Any CPU
		{D874EB39-A635-493E-855D-30E7EADB336A}.Debug|Any CPU.Build.0 = Debug|Any CPU
		{D874EB39-A635-493E-855D-30E7EADB336A}.Debug|x64.ActiveCfg = Debug|Any CPU
		{D874EB39-A635-493E-855D-30E7EADB336A}.Debug|x64.Build.0 = Debug|Any CPU
		{D874EB39-A635-493E-855D-30E7EADB336A}.Debug|x86.ActiveCfg = Debug|Any CPU
		{D874EB39-A635-493E-855D-30E7EADB336A}.Debug|x86.Build.0 = Debug|Any CPU
		{D874EB39-A635-493E-855D-30E7EADB336A}.Release|Any CPU.ActiveCfg = Release|Any CPU
		{D874EB39-A635-493E-855D-30E7EADB336A}.Release|Any CPU.Build.0 = Release|Any CPU
		{D874EB39-A635-493E-855D-30E7EADB336A}.Release|x64.ActiveCfg = Release|Any CPU
		{D874EB39-A635-493E-855D-30E7EADB336A}.Release|x64.Build.0 = Release|Any CPU
		{D874EB39-A635-493E-855D-30E7EADB336A}.Release|x86.ActiveCfg = Release|Any CPU
		{D874EB39-A635-493E-855D-30E7EADB336A}.Release|x86.Build.0 = Release|Any CPU
	EndGlobalSection
	GlobalSection(SolutionProperties) = preSolution
		HideSolutionNode = FALSE
	EndGlobalSection
	GlobalSection(NestedProjects) = preSolution
		{2C823ABE-4BDD-E34C-AB66-B0858D087BD0} = {6C4D298B-81FB-2B6B-5AB6-46205EDDC72C}
		{7A363B3B-6615-4981-AE42-0FEC6FA93288} = {2C823ABE-4BDD-E34C-AB66-B0858D087BD0}
		{D874EB39-A635-493E-855D-30E7EADB336A} = {2C823ABE-4BDD-E34C-AB66-B0858D087BD0}
	EndGlobalSection
EndGlobal
